// !$*UTF8*$!
{
	archiveVersion = 1;
	classes = {
	};
	objectVersion = 46;
	objects = {

/* Begin PBXBuildFile section */
		CE9FFF4B1C8076E200D54E26 /* main.m in Sources */ = {isa = PBXBuildFile; fileRef = CE9FFF4A1C8076E200D54E26 /* main.m */; };
		CE9FFF4E1C8076E200D54E26 /* AppDelegate.m in Sources */ = {isa = PBXBuildFile; fileRef = CE9FFF4D1C8076E200D54E26 /* AppDelegate.m */; };
		CE9FFF511C8076E200D54E26 /* ViewController.m in Sources */ = {isa = PBXBuildFile; fileRef = CE9FFF501C8076E200D54E26 /* ViewController.m */; };
		CE9FFF541C8076E200D54E26 /* Main.storyboard in Resources */ = {isa = PBXBuildFile; fileRef = CE9FFF521C8076E200D54E26 /* Main.storyboard */; };
		CE9FFF561C8076E200D54E26 /* Assets.xcassets in Resources */ = {isa = PBXBuildFile; fileRef = CE9FFF551C8076E200D54E26 /* Assets.xcassets */; };
		CE9FFF591C8076E200D54E26 /* LaunchScreen.storyboard in Resources */ = {isa = PBXBuildFile; fileRef = CE9FFF571C8076E200D54E26 /* LaunchScreen.storyboard */; };
		E83F26CD875FDB224E64B14A /* libPods.a in Frameworks */ = {isa = PBXBuildFile; fileRef = 58E1E7B5182BD0E86FA8EFD5 /* libPods.a */; };
/* End PBXBuildFile section */

/* Begin PBXFileReference section */
		3056FD8C0FFA9DB5AC3E43A4 /* Pods.release.xcconfig */ = {isa = PBXFileReference; includeInIndex = 1; lastKnownFileType = text.xcconfig; name = Pods.release.xcconfig; path = "Pods/Target Support Files/Pods/Pods.release.xcconfig"; sourceTree = "<group>"; };
		58E1E7B5182BD0E86FA8EFD5 /* libPods.a */ = {isa = PBXFileReference; explicitFileType = archive.ar; includeInIndex = 0; path = libPods.a; sourceTree = BUILT_PRODUCTS_DIR; };
		5C70879316FEFAAC08C8E7AE /* Pods.debug.xcconfig */ = {isa = PBXFileReference; includeInIndex = 1; lastKnownFileType = text.xcconfig; name = Pods.debug.xcconfig; path = "Pods/Target Support Files/Pods/Pods.debug.xcconfig"; sourceTree = "<group>"; };
		CE9FFF461C8076E200D54E26 /* 02-网易彩票.app */ = {isa = PBXFileReference; explicitFileType = wrapper.application; includeInIndex = 0; path = "02-网易彩票.app"; sourceTree = BUILT_PRODUCTS_DIR; };
		CE9FFF4A1C8076E200D54E26 /* main.m */ = {isa = PBXFileReference; lastKnownFileType = sourcecode.c.objc; path = main.m; sourceTree = "<group>"; };
		CE9FFF4C1C8076E200D54E26 /* AppDelegate.h */ = {isa = PBXFileReference; lastKnownFileType = sourcecode.c.h; path = AppDelegate.h; sourceTree = "<group>"; };
		CE9FFF4D1C8076E200D54E26 /* AppDelegate.m */ = {isa = PBXFileReference; lastKnownFileType = sourcecode.c.objc; path = AppDelegate.m; sourceTree = "<group>"; };
		CE9FFF4F1C8076E200D54E26 /* ViewController.h */ = {isa = PBXFileReference; lastKnownFileType = sourcecode.c.h; path = ViewController.h; sourceTree = "<group>"; };
		CE9FFF501C8076E200D54E26 /* ViewController.m */ = {isa = PBXFileReference; lastKnownFileType = sourcecode.c.objc; path = ViewController.m; sourceTree = "<group>"; };
		CE9FFF531C8076E200D54E26 /* Base */ = {isa = PBXFileReference; lastKnownFileType = file.storyboard; name = Base; path = Base.lproj/Main.storyboard; sourceTree = "<group>"; };
		CE9FFF551C8076E200D54E26 /* Assets.xcassets */ = {isa = PBXFileReference; lastKnownFileType = folder.assetcatalog; path = Assets.xcassets; sourceTree = "<group>"; };
		CE9FFF581C8076E200D54E26 /* Base */ = {isa = PBXFileReference; lastKnownFileType = file.storyboard; name = Base; path = Base.lproj/LaunchScreen.storyboard; sourceTree = "<group>"; };
		CE9FFF5A1C8076E200D54E26 /* Info.plist */ = {isa = PBXFileReference; lastKnownFileType = text.plist.xml; path = Info.plist; sourceTree = "<group>"; };
/* End PBXFileReference section */

/* Begin PBXFrameworksBuildPhase section */
		CE9FFF431C8076E200D54E26 /* Frameworks */ = {
			isa = PBXFrameworksBuildPhase;
			buildActionMask = 2147483647;
			files = (
				E83F26CD875FDB224E64B14A /* libPods.a in Frameworks */,
			);
			runOnlyForDeploymentPostprocessing = 0;
		};
/* End PBXFrameworksBuildPhase section */

/* Begin PBXGroup section */
		51AD188A06030C74C7A20FBF /* Frameworks */ = {
			isa = PBXGroup;
			children = (
				58E1E7B5182BD0E86FA8EFD5 /* libPods.a */,
			);
			name = Frameworks;
			sourceTree = "<group>";
		};
		CE9FFF3D1C8076E200D54E26 = {
			isa = PBXGroup;
			children = (
				CE9FFF481C8076E200D54E26 /* 02-网易彩票 */,
				CE9FFF471C8076E200D54E26 /* Products */,
				DC26A7E18588755E0134BA00 /* Pods */,
				51AD188A06030C74C7A20FBF /* Frameworks */,
			);
			sourceTree = "<group>";
		};
		CE9FFF471C8076E200D54E26 /* Products */ = {
			isa = PBXGroup;
			children = (
				CE9FFF461C8076E200D54E26 /* 02-网易彩票.app */,
			);
			name = Products;
			sourceTree = "<group>";
		};
		CE9FFF481C8076E200D54E26 /* 02-网易彩票 */ = {
			isa = PBXGroup;
			children = (
				CE9FFF4C1C8076E200D54E26 /* AppDelegate.h */,
				CE9FFF4D1C8076E200D54E26 /* AppDelegate.m */,
				CE9FFF4F1C8076E200D54E26 /* ViewController.h */,
				CE9FFF501C8076E200D54E26 /* ViewController.m */,
				CE9FFF521C8076E200D54E26 /* Main.storyboard */,
				CE9FFF551C8076E200D54E26 /* Assets.xcassets */,
				CE9FFF571C8076E200D54E26 /* LaunchScreen.storyboard */,
				CE9FFF5A1C8076E200D54E26 /* Info.plist */,
				CE9FFF491C8076E200D54E26 /* Supporting Files */,
			);
			path = "02-网易彩票";
			sourceTree = "<group>";
		};
		CE9FFF491C8076E200D54E26 /* Supporting Files */ = {
			isa = PBXGroup;
			children = (
				CE9FFF4A1C8076E200D54E26 /* main.m */,
			);
			name = "Supporting Files";
			sourceTree = "<group>";
		};
		DC26A7E18588755E0134BA00 /* Pods */ = {
			isa = PBXGroup;
			children = (
				5C70879316FEFAAC08C8E7AE /* Pods.debug.xcconfig */,
				3056FD8C0FFA9DB5AC3E43A4 /* Pods.release.xcconfig */,
			);
			name = Pods;
			sourceTree = "<group>";
		};
/* End PBXGroup section */

/* Begin PBXNativeTarget section */
		CE9FFF451C8076E200D54E26 /* 02-网易彩票 */ = {
			isa = PBXNativeTarget;
			buildConfigurationList = CE9FFF5D1C8076E200D54E26 /* Build configuration list for PBXNativeTarget "02-网易彩票" */;
			buildPhases = (
				F66D636C5636E32C9673EC75 /* Check Pods Manifest.lock */,
				CE9FFF421C8076E200D54E26 /* Sources */,
				CE9FFF431C8076E200D54E26 /* Frameworks */,
				CE9FFF441C8076E200D54E26 /* Resources */,
				E922D950CC21B6AE79CB2489 /* Embed Pods Frameworks */,
				9F505BA51DF46F76A18525F7 /* Copy Pods Resources */,
			);
			buildRules = (
			);
			dependencies = (
			);
			name = "02-网易彩票";
			productName = "02-网易彩票";
			productReference = CE9FFF461C8076E200D54E26 /* 02-网易彩票.app */;
			productType = "com.apple.product-type.application";
		};
/* End PBXNativeTarget section */

/* Begin PBXProject section */
		CE9FFF3E1C8076E200D54E26 /* Project object */ = {
			isa = PBXProject;
			attributes = {
				LastUpgradeCheck = 0720;
				ORGANIZATIONNAME = user;
				TargetAttributes = {
					CE9FFF451C8076E200D54E26 = {
						CreatedOnToolsVersion = 7.2;
						DevelopmentTeam = D8B959HHYX;
					};
				};
			};
			buildConfigurationList = CE9FFF411C8076E200D54E26 /* Build configuration list for PBXProject "02-网易彩票" */;
			compatibilityVersion = "Xcode 3.2";
			developmentRegion = English;
			hasScannedForEncodings = 0;
			knownRegions = (
				en,
				Base,
			);
			mainGroup = CE9FFF3D1C8076E200D54E26;
			productRefGroup = CE9FFF471C8076E200D54E26 /* Products */;
			projectDirPath = "";
			projectRoot = "";
			targets = (
				CE9FFF451C8076E200D54E26 /* 02-网易彩票 */,
			);
		};
/* End PBXProject section */

/* Begin PBXResourcesBuildPhase section */
		CE9FFF441C8076E200D54E26 /* Resources */ = {
			isa = PBXResourcesBuildPhase;
			buildActionMask = 2147483647;
			files = (
				CE9FFF591C8076E200D54E26 /* LaunchScreen.storyboard in Resources */,
				CE9FFF561C8076E200D54E26 /* Assets.xcassets in Resources */,
				CE9FFF541C8076E200D54E26 /* Main.storyboard in Resources */,
			);
			runOnlyForDeploymentPostprocessing = 0;
		};
/* End PBXResourcesBuildPhase section */

/* Begin PBXShellScriptBuildPhase section */
		9F505BA51DF46F76A18525F7 /* Copy Pods Resources */ = {
			isa = PBXShellScriptBuildPhase;
			buildActionMask = 2147483647;
			files = (
			);
			inputPaths = (
			);
			name = "Copy Pods Resources";
			outputPaths = (
			);
			runOnlyForDeploymentPostprocessing = 0;
			shellPath = /bin/sh;
			shellScript = "\"${SRCROOT}/Pods/Target Support Files/Pods/Pods-resources.sh\"\n";
			showEnvVarsInLog = 0;
		};
		E922D950CC21B6AE79CB2489 /* Embed Pods Frameworks */ = {
			isa = PBXShellScriptBuildPhase;
			buildActionMask = 2147483647;
			files = (
			);
			inputPaths = (
			);
			name = "Embed Pods Frameworks";
			outputPaths = (
			);
			runOnlyForDeploymentPostprocessing = 0;
			shellPath = /bin/sh;
			shellScript = "\"${SRCROOT}/Pods/Target Support Files/Pods/Pods-frameworks.sh\"\n";
			showEnvVarsInLog = 0;
		};
		F66D636C5636E32C9673EC75 /* Check Pods Manifest.lock */ = {
			isa = PBXShellScriptBuildPhase;
			buildActionMask = 2147483647;
			files = (
			);
			inputPaths = (
			);
			name = "Check Pods Manifest.lock";
			outputPaths = (
			);
			runOnlyForDeploymentPostprocessing = 0;
			shellPath = /bin/sh;
			shellScript = "diff \"${PODS_ROOT}/../Podfile.lock\" \"${PODS_ROOT}/Manifest.lock\" > /dev/null\nif [[ $? != 0 ]] ; then\n    cat << EOM\nerror: The sandbox is not in sync with the Podfile.lock. Run 'pod install' or update your CocoaPods installation.\nEOM\n    exit 1\nfi\n";
			showEnvVarsInLog = 0;
		};
/* End PBXShellScriptBuildPhase section */

/* Begin PBXSourcesBuildPhase section */
		CE9FFF421C8076E200D54E26 /* Sources */ = {
			isa = PBXSourcesBuildPhase;
			buildActionMask = 2147483647;
			files = (
				CE9FFF511C8076E200D54E26 /* ViewController.m in Sources */,
				CE9FFF4E1C8076E200D54E26 /* AppDelegate.m in Sources */,
				CE9FFF4B1C8076E200D54E26 /* main.m in Sources */,
			);
			runOnlyForDeploymentPostprocessing = 0;
		};
/* End PBXSourcesBuildPhase section */

/* Begin PBXVariantGroup section */
		CE9FFF521C8076E200D54E26 /* Main.storyboard */ = {
			isa = PBXVariantGroup;
			children = (
				CE9FFF531C8076E200D54E26 /* Base */,
			);
			name = Main.storyboard;
			sourceTree = "<group>";
		};
		CE9FFF571C8076E200D54E26 /* LaunchScreen.storyboard */ = {
			isa = PBXVariantGroup;
			children = (
				CE9FFF581C8076E200D54E26 /* Base */,
			);
			name = LaunchScreen.storyboard;
			sourceTree = "<group>";
		};
/* End PBXVariantGroup section */

/* Begin XCBuildConfiguration section */
		CE9FFF5B1C8076E200D54E26 /* Debug */ = {
			isa = XCBuildConfiguration;
			buildSettings = {
				ALWAYS_SEARCH_USER_PATHS = NO;
				CLANG_CXX_LANGUAGE_STANDARD = "gnu++0x";
				CLANG_CXX_LIBRARY = "libc++";
				CLANG_ENABLE_MODULES = YES;
				CLANG_ENABLE_OBJC_ARC = YES;
				CLANG_WARN_BOOL_CONVERSION = YES;
				CLANG_WARN_CONSTANT_CONVERSION = YES;
				CLANG_WARN_DIRECT_OBJC_ISA_USAGE = YES_ERROR;
				CLANG_WARN_EMPTY_BODY = YES;
				CLANG_WARN_ENUM_CONVERSION = YES;
				CLANG_WARN_INT_CONVERSION = YES;
				CLANG_WARN_OBJC_ROOT_CLASS = YES_ERROR;
				CLANG_WARN_UNREACHABLE_CODE = YES;
				CLANG_WARN__DUPLICATE_METHOD_MATCH = YES;
				"CODE_SIGN_IDENTITY[sdk=iphoneos*]" = "iPhone Developer";
				COPY_PHASE_STRIP = NO;
				DEBUG_INFORMATION_FORMAT = dwarf;
				ENABLE_STRICT_OBJC_MSGSEND = YES;
				ENABLE_TESTABILITY = YES;
				GCC_C_LANGUAGE_STANDARD = gnu99;
				GCC_DYNAMIC_NO_PIC = NO;
				GCC_NO_COMMON_BLOCKS = YES;
				GCC_OPTIMIZATION_LEVEL = 0;
				GCC_PREPROCESSOR_DEFINITIONS = (
					"DEBUG=1",
					"$(inherited)",
				);
				GCC_WARN_64_TO_32_BIT_CONVERSION = YES;
				GCC_WARN_ABOUT_RETURN_TYPE = YES_ERROR;
				GCC_WARN_UNDECLARED_SELECTOR = YES;
				GCC_WARN_UNINITIALIZED_AUTOS = YES_AGGRESSIVE;
				GCC_WARN_UNUSED_FUNCTION = YES;
				GCC_WARN_UNUSED_VARIABLE = YES;
				IPHONEOS_DEPLOYMENT_TARGET = 9.2;
				MTL_ENABLE_DEBUG_INFO = YES;
				ONLY_ACTIVE_ARCH = YES;
				SDKROOT = iphoneos;
			};
			name = Debug;
		};
		CE9FFF5C1C8076E200D54E26 /* Release */ = {
			isa = XCBuildConfiguration;
			buildSettings = {
				ALWAYS_SEARCH_USER_PATHS = NO;
				CLANG_CXX_LANGUAGE_STANDARD = "gnu++0x";
				CLANG_CXX_LIBRARY = "libc++";
				CLANG_ENABLE_MODULES = YES;
				CLANG_ENABLE_OBJC_ARC = YES;
				CLANG_WARN_BOOL_CONVERSION = YES;
				CLANG_WARN_CONSTANT_CONVERSION = YES;
				CLANG_WARN_DIRECT_OBJC_ISA_USAGE = YES_ERROR;
				CLANG_WARN_EMPTY_BODY = YES;
				CLANG_WARN_ENUM_CONVERSION = YES;
				CLANG_WARN_INT_CONVERSION = YES;
				CLANG_WARN_OBJC_ROOT_CLASS = YES_ERROR;
				CLANG_WARN_UNREACHABLE_CODE = YES;
				CLANG_WARN__DUPLICATE_METHOD_MATCH = YES;
				"CODE_SIGN_IDENTITY[sdk=iphoneos*]" = "iPhone Developer";
				COPY_PHASE_STRIP = NO;
				DEBUG_INFORMATION_FORMAT = "dwarf-with-dsym";
				ENABLE_NS_ASSERTIONS = NO;
				ENABLE_STRICT_OBJC_MSGSEND = YES;
				GCC_C_LANGUAGE_STANDARD = gnu99;
				GCC_NO_COMMON_BLOCKS = YES;
				GCC_WARN_64_TO_32_BIT_CONVERSION = YES;
				GCC_WARN_ABOUT_RETURN_TYPE = YES_ERROR;
				GCC_WARN_UNDECLARED_SELECTOR = YES;
				GCC_WARN_UNINITIALIZED_AUTOS = YES_AGGRESSIVE;
				GCC_WARN_UNUSED_FUNCTION = YES;
				GCC_WARN_UNUSED_VARIABLE = YES;
				IPHONEOS_DEPLOYMENT_TARGET = 9.2;
				MTL_ENABLE_DEBUG_INFO = NO;
				SDKROOT = iphoneos;
				VALIDATE_PRODUCT = YES;
			};
			name = Release;
		};
		CE9FFF5E1C8076E200D54E26 /* Debug */ = {
			isa = XCBuildConfiguration;
			baseConfigurationReference = 5C70879316FEFAAC08C8E7AE /* Pods.debug.xcconfig */;
			buildSettings = {
				ASSETCATALOG_COMPILER_APPICON_NAME = AppIcon;
				INFOPLIST_FILE = "02-网易彩票/Info.plist";
				LD_RUNPATH_SEARCH_PATHS = "$(inherited) @executable_path/Frameworks";
				PRODUCT_BUNDLE_IDENTIFIER = "zouzhuo.-2-----";
				PRODUCT_NAME = "$(TARGET_NAME)";
			};
			name = Debug;
		};
		CE9FFF5F1C8076E200D54E26 /* Release */ = {
			isa = XCBuildConfiguration;
			baseConfigurationReference = 3056FD8C0FFA9DB5AC3E43A4 /* Pods.release.xcconfig */;
			buildSettings = {
				ASSETCATALOG_COMPILER_APPICON_NAME = AppIcon;
				INFOPLIST_FILE = "02-网易彩票/Info.plist";
				LD_RUNPATH_SEARCH_PATHS = "$(inherited) @executable_path/Frameworks";
				PRODUCT_BUNDLE_IDENTIFIER = "zouzhuo.-2-----";
				PRODUCT_NAME = "$(TARGET_NAME)";
			};
			name = Release;
		};
/* End XCBuildConfiguration section */

/* Begin XCConfigurationList section */
		CE9FFF411C8076E200D54E26 /* Build configuration list for PBXProject "02-网易彩票" */ = {
			isa = XCConfigurationList;
			buildConfigurations = (
				CE9FFF5B1C8076E200D54E26 /* Debug */,
				CE9FFF5C1C8076E200D54E26 /* Release */,
			);
			defaultConfigurationIsVisible = 0;
			defaultConfigurationName = Release;
		};
		CE9FFF5D1C8076E200D54E26 /* Build configuration list for PBXNativeTarget "02-网易彩票" */ = {
			isa = XCConfigurationList;
			buildConfigurations = (
				CE9FFF5E1C8076E200D54E26 /* Debug */,
				CE9FFF5F1C8076E200D54E26 /* Release */,
			);
			defaultConfigurationIsVisible = 0;
			defaultConfigurationName = Release;
		};
/* End XCConfigurationList section */
	};
	rootObject = CE9FFF3E1C8076E200D54E26 /* Project object */;
}
